
Microsoft Visual Studio Solution File, Format Version 12.00
# Visual Studio Version 16
VisualStudioVersion = 16.0.29418.71
MinimumVisualStudioVersion = 10.0.40219.1
Project("{FAE04EC0-301F-11D3-BF4B-00C04F79EFBC}") = "CSAc4yEntityLibraryTester", "CSAc4yEntityLibraryTester\CSAc4yEntityLibraryTester.csproj", "{FBF049A3-7BFE-4921-A441-63E083A3FD04}"
EndProject
Global
	GlobalSection(SolutionConfigurationPlatforms) = preSolution
		Debug|Any CPU = Debug|Any CPU
		Release|Any CPU = Release|Any CPU
	EndGlobalSection
	GlobalSection(ProjectConfigurationPlatforms) = postSolution
		{FBF049A3-7BFE-4921-A441-63E083A3FD04}.Debug|Any CPU.ActiveCfg = Debug|Any CPU
		{FBF049A3-7BFE-4921-A441-63E083A3FD04}.Debug|Any CPU.Build.0 = Debug|Any CPU
		{FBF049A3-7BFE-4921-A441-63E083A3FD04}.Release|Any CPU.ActiveCfg = Release|Any CPU
		{FBF049A3-7BFE-4921-A441-63E083A3FD04}.Release|Any CPU.Build.0 = Release|Any CPU
	EndGlobalSection
	GlobalSection(SolutionProperties) = preSolution
		HideSolutionNode = FALSE
	EndGlobalSection
	GlobalSection(ExtensibilityGlobals) = postSolution
		SolutionGuid = {4EE4FB3F-B35F-4D68-A0F2-A1D73EE0BAE9}
	EndGlobalSection
EndGlobal
